{
  "version": 4,
  "terraform_version": "0.12.13",
  "serial": 4,
  "lineage": "d3439425-632e-d6a0-91f4-c48f5da32d33",
  "outputs": {
    "ip": {
      "value": "35.201.24.191",
      "type": "string"
    }
  },
  "resources": [
    {
      "mode": "managed",
      "type": "google_compute_instance",
      "name": "default",
      "provider": "provider.google",
      "instances": [
        {
          "schema_version": 6,
          "attributes": {
            "allow_stopping_for_update": null,
            "attached_disk": [],
            "boot_disk": [
              {
                "auto_delete": true,
                "device_name": "persistent-disk-0",
                "disk_encryption_key_raw": "",
                "disk_encryption_key_sha256": "",
                "initialize_params": [
                  {
                    "image": "https://www.googleapis.com/compute/v1/projects/debian-cloud/global/images/debian-9-stretch-v20191115",
                    "labels": {},
                    "size": 10,
                    "type": "pd-standard"
                  }
                ],
                "kms_key_self_link": "",
                "mode": "READ_WRITE",
                "source": "https://www.googleapis.com/compute/v1/projects/terraform-project-259404/zones/australia-southeast1-a/disks/my-vm-43d99cb74e884d79"
              }
            ],
            "can_ip_forward": false,
            "cpu_platform": "Intel Broadwell",
            "deletion_protection": false,
            "description": "",
            "disk": [],
            "enable_display": false,
            "guest_accelerator": [],
            "hostname": "",
            "id": "my-vm-43d99cb74e884d79",
            "instance_id": "3149889580702865581",
            "label_fingerprint": "42WmSpB8rSM=",
            "labels": null,
            "machine_type": "f1-micro",
            "metadata": {
              "ssh-keys": "rahul:ssh-rsa AAAAB3NzaC1yc2EAAAADAQABAAABAQC8yuWEdScU0ullhATqUt5A58LkBwzt6bwG6vOHbCzKIV/LlMTRY+210THak/JKv+/VarwYBW86TxuQ4jCFGNDEB7hMuEcvwouP2IsnXOje9asFyBxgqe5pu4tBvOe9HG2MGW/YiEr0/G37mVEdOQhTXBthVsgyqSfo4I4QQIOC+h0ycLN+PismU2JAjNA8JOMPJCTz3UMcDyydZPBnx62xQhzDDsvjP3z3TV+b6fVkhZczN+PU55xEAR8JRKr+Ln3k5G+5RNFsNKjSTw+IRSDALoV0KqPmpB5jR7AXQ9Eb2VOpxJ2NmKwlcA3uciOS3+mTW6pn5uLgm5WCdbQU7LWf rahul\n"
            },
            "metadata_fingerprint": "npsiz_ewLVo=",
            "metadata_startup_script": "sudo apt-get update; sudo apt-get install -yq build-essential python-pip rsync; pip install flask",
            "min_cpu_platform": "",
            "name": "my-vm-43d99cb74e884d79",
            "network_interface": [
              {
                "access_config": [
                  {
                    "assigned_nat_ip": "",
                    "nat_ip": "35.201.24.191",
                    "network_tier": "PREMIUM",
                    "public_ptr_domain_name": ""
                  }
                ],
                "address": "",
                "alias_ip_range": [],
                "name": "nic0",
                "network": "https://www.googleapis.com/compute/v1/projects/terraform-project-259404/global/networks/default",
                "network_ip": "10.152.0.2",
                "subnetwork": "https://www.googleapis.com/compute/v1/projects/terraform-project-259404/regions/australia-southeast1/subnetworks/default",
                "subnetwork_project": "terraform-project-259404"
              }
            ],
            "project": "terraform-project-259404",
            "scheduling": [
              {
                "automatic_restart": true,
                "node_affinities": [],
                "on_host_maintenance": "MIGRATE",
                "preemptible": false
              }
            ],
            "scratch_disk": [],
            "self_link": "https://www.googleapis.com/compute/v1/projects/terraform-project-259404/zones/australia-southeast1-a/instances/my-vm-43d99cb74e884d79",
            "service_account": [],
            "shielded_instance_config": [],
            "tags": null,
            "tags_fingerprint": "42WmSpB8rSM=",
            "timeouts": null,
            "zone": "australia-southeast1-a"
          },
          "private": "eyJlMmJmYjczMC1lY2FhLTExZTYtOGY4OC0zNDM2M2JjN2M0YzAiOnsiY3JlYXRlIjoxMjAwMDAwMDAwMDAwLCJkZWxldGUiOjEyMDAwMDAwMDAwMDAsInVwZGF0ZSI6MTIwMDAwMDAwMDAwMH0sInNjaGVtYV92ZXJzaW9uIjoiNiJ9",
          "depends_on": [
            "random_id.instance_id"
          ]
        }
      ]
    },
    {
      "mode": "managed",
      "type": "random_id",
      "name": "instance_id",
      "provider": "provider.random",
      "instances": [
        {
          "schema_version": 0,
          "attributes": {
            "b64": "Q9mct06ITXk",
            "b64_std": "Q9mct06ITXk=",
            "b64_url": "Q9mct06ITXk",
            "byte_length": 8,
            "dec": "4889111181597887865",
            "hex": "43d99cb74e884d79",
            "id": "Q9mct06ITXk",
            "keepers": null,
            "prefix": null
          },
          "private": "bnVsbA=="
        }
      ]
    }
  ]
}
