{
  "version": 4,
  "terraform_version": "0.12.13",
  "serial": 2,
  "lineage": "d3439425-632e-d6a0-91f4-c48f5da32d33",
  "outputs": {},
  "resources": [
    {
      "mode": "managed",
      "type": "random_id",
      "name": "instance_id",
      "provider": "provider.random",
      "instances": [
        {
          "schema_version": 0,
          "attributes": {
            "b64": "Q9mct06ITXk",
            "b64_std": "Q9mct06ITXk=",
            "b64_url": "Q9mct06ITXk",
            "byte_length": 8,
            "dec": "4889111181597887865",
            "hex": "43d99cb74e884d79",
            "id": "Q9mct06ITXk",
            "keepers": null,
            "prefix": null
          },
          "private": "bnVsbA=="
        }
      ]
    }
  ]
}
