{
  "version": 4,
  "terraform_version": "0.12.13",
  "serial": 6,
  "lineage": "16f32417-a207-9def-7c42-4ed275ea5ddf",
  "outputs": {
    "ip": {
      "value": "35.189.39.25",
      "type": "string"
    }
  },
  "resources": [
    {
      "mode": "managed",
      "type": "google_compute_instance",
      "name": "default",
      "provider": "provider.google",
      "instances": [
        {
          "schema_version": 6,
          "attributes": {
            "allow_stopping_for_update": null,
            "attached_disk": [],
            "boot_disk": [
              {
                "auto_delete": true,
                "device_name": "persistent-disk-0",
                "disk_encryption_key_raw": "",
                "disk_encryption_key_sha256": "",
                "initialize_params": [
                  {
                    "image": "https://www.googleapis.com/compute/v1/projects/debian-cloud/global/images/debian-9-stretch-v20191014",
                    "labels": {},
                    "size": 10,
                    "type": "pd-standard"
                  }
                ],
                "kms_key_self_link": "",
                "mode": "READ_WRITE",
                "source": "https://www.googleapis.com/compute/v1/projects/terraform-project-258803/zones/australia-southeast1-a/disks/flask-vm-f11fa1263fea7f6c"
              }
            ],
            "can_ip_forward": false,
            "cpu_platform": "Intel Broadwell",
            "deletion_protection": false,
            "description": "",
            "disk": [],
            "enable_display": false,
            "guest_accelerator": [],
            "hostname": "",
            "id": "flask-vm-f11fa1263fea7f6c",
            "instance_id": "4953410188685534841",
            "label_fingerprint": "42WmSpB8rSM=",
            "labels": {},
            "machine_type": "f1-micro",
            "metadata": {
              "ssh-keys": "rahul:ssh-rsa AAAAB3NzaC1yc2EAAAADAQABAAABAQDbM1aX/2mpfqiNxuYU/ZM9RMf51idZaIPQO9eoSBHamfDXcUTsJSjm+eMJw4EblRT/EHutBUortTueR5hzaLwElbaJwtaEbK0zSIy1CNLfD/aeK4Jvbob+eNnSX/nVjP+ugdmPF2fepDsLIKZsG1vHZb/UH75xQHQHXwmJrVVdvMa1IMtE/PLSRRJA1qNFERrvXbq5lVQ1MnvhfbUJJU+eO0xo/4bm+29t9AhWsSjnU01MWwYkznz3ug/KGuvLXo4HUocZCyoqZrwReX80t66LXEQUVRlcvgsnD6IcwG/zN8PtDTjars+mAscDsR31J9f4SzYa1pBwReXWb9+ZW31N rahul\n"
            },
            "metadata_fingerprint": "JfjcZkIR3-k=",
            "metadata_startup_script": "sudo apt-get update; sudo apt-get install -yq build-essential python-pip rsync; pip install flask",
            "min_cpu_platform": "",
            "name": "flask-vm-f11fa1263fea7f6c",
            "network_interface": [
              {
                "access_config": [
                  {
                    "assigned_nat_ip": "",
                    "nat_ip": "35.189.39.25",
                    "network_tier": "PREMIUM",
                    "public_ptr_domain_name": ""
                  }
                ],
                "address": "",
                "alias_ip_range": [],
                "name": "nic0",
                "network": "https://www.googleapis.com/compute/v1/projects/terraform-project-258803/global/networks/default",
                "network_ip": "10.152.0.2",
                "subnetwork": "https://www.googleapis.com/compute/v1/projects/terraform-project-258803/regions/australia-southeast1/subnetworks/default",
                "subnetwork_project": "terraform-project-258803"
              }
            ],
            "project": "terraform-project-258803",
            "scheduling": [
              {
                "automatic_restart": true,
                "node_affinities": [],
                "on_host_maintenance": "MIGRATE",
                "preemptible": false
              }
            ],
            "scratch_disk": [],
            "self_link": "https://www.googleapis.com/compute/v1/projects/terraform-project-258803/zones/australia-southeast1-a/instances/flask-vm-f11fa1263fea7f6c",
            "service_account": [],
            "shielded_instance_config": [],
            "tags": [],
            "tags_fingerprint": "42WmSpB8rSM=",
            "timeouts": null,
            "zone": "australia-southeast1-a"
          },
          "private": "eyJlMmJmYjczMC1lY2FhLTExZTYtOGY4OC0zNDM2M2JjN2M0YzAiOnsiY3JlYXRlIjoxMjAwMDAwMDAwMDAwLCJkZWxldGUiOjEyMDAwMDAwMDAwMDAsInVwZGF0ZSI6MTIwMDAwMDAwMDAwMH0sInNjaGVtYV92ZXJzaW9uIjoiNiJ9",
          "depends_on": [
            "random_id.instance_id"
          ]
        }
      ]
    },
    {
      "mode": "managed",
      "type": "random_id",
      "name": "instance_id",
      "provider": "provider.random",
      "instances": [
        {
          "schema_version": 0,
          "attributes": {
            "b64": "8R-hJj_qf2w",
            "b64_std": "8R+hJj/qf2w=",
            "b64_url": "8R-hJj_qf2w",
            "byte_length": 8,
            "dec": "17374783073071824748",
            "hex": "f11fa1263fea7f6c",
            "id": "8R-hJj_qf2w",
            "keepers": null,
            "prefix": null
          },
          "private": "bnVsbA=="
        }
      ]
    }
  ]
}
