{
  "format_version": "0.1",
  "terraform_version": "0.12.13",
  "variables": {
    "tfe_hostname": {
      "value": "ptfe-dev.woolworths.com.au"
    },
    "tfe_organization": {
      "value": "SOI-Platform"
    },
    "tfe_token": {
      "value": "naqekRtt7yWyzA.atlasv1.LVfmY4YqcQOLTSQv9tOKI4O924iVVCsa255Gg684TGxYhys7gOHcPQw1bihXdGs7Kyk"
    }
  },
  "planned_values": {
    "outputs": {
      "ip": {
        "sensitive": false
      }
    },
    "root_module": {
      "resources": [
        {
          "address": "google_compute_instance.default",
          "mode": "managed",
          "type": "google_compute_instance",
          "name": "default",
          "provider_name": "google",
          "schema_version": 6,
          "values": {
            "allow_stopping_for_update": null,
            "attached_disk": [],
            "boot_disk": [
              {
                "auto_delete": true,
                "disk_encryption_key_raw": null,
                "initialize_params": [
                  {
                    "image": "debian-cloud/debian-9"
                  }
                ],
                "mode": "READ_WRITE"
              }
            ],
            "can_ip_forward": false,
            "deletion_protection": false,
            "description": null,
            "disk": [],
            "enable_display": null,
            "hostname": null,
            "labels": null,
            "machine_type": "f1-micro",
            "metadata": {
              "ssh-keys": "rahul:ssh-rsa AAAAB3NzaC1yc2EAAAADAQABAAABAQDbM1aX/2mpfqiNxuYU/ZM9RMf51idZaIPQO9eoSBHamfDXcUTsJSjm+eMJw4EblRT/EHutBUortTueR5hzaLwElbaJwtaEbK0zSIy1CNLfD/aeK4Jvbob+eNnSX/nVjP+ugdmPF2fepDsLIKZsG1vHZb/UH75xQHQHXwmJrVVdvMa1IMtE/PLSRRJA1qNFERrvXbq5lVQ1MnvhfbUJJU+eO0xo/4bm+29t9AhWsSjnU01MWwYkznz3ug/KGuvLXo4HUocZCyoqZrwReX80t66LXEQUVRlcvgsnD6IcwG/zN8PtDTjars+mAscDsR31J9f4SzYa1pBwReXWb9+ZW31N rahul\n"
            },
            "metadata_startup_script": "sudo apt-get update; sudo apt-get install -yq build-essential python-pip rsync; pip install flask",
            "min_cpu_platform": null,
            "network_interface": [
              {
                "access_config": [
                  {
                    "public_ptr_domain_name": null
                  }
                ],
                "alias_ip_range": [],
                "network": "default"
              }
            ],
            "scratch_disk": [],
            "service_account": [],
            "shielded_instance_config": [],
            "tags": null,
            "timeouts": null,
            "zone": "australia-southeast1-a"
          }
        },
        {
          "address": "random_id.instance_id",
          "mode": "managed",
          "type": "random_id",
          "name": "instance_id",
          "provider_name": "random",
          "schema_version": 0,
          "values": {
            "byte_length": 8,
            "keepers": null,
            "prefix": null
          }
        }
      ]
    }
  },
  "resource_changes": [
    {
      "address": "google_compute_instance.default",
      "mode": "managed",
      "type": "google_compute_instance",
      "name": "default",
      "provider_name": "google",
      "change": {
        "actions": [
          "create"
        ],
        "before": null,
        "after": {
          "allow_stopping_for_update": null,
          "attached_disk": [],
          "boot_disk": [
            {
              "auto_delete": true,
              "disk_encryption_key_raw": null,
              "initialize_params": [
                {
                  "image": "debian-cloud/debian-9"
                }
              ],
              "mode": "READ_WRITE"
            }
          ],
          "can_ip_forward": false,
          "deletion_protection": false,
          "description": null,
          "disk": [],
          "enable_display": null,
          "hostname": null,
          "labels": null,
          "machine_type": "f1-micro",
          "metadata": {
            "ssh-keys": "rahul:ssh-rsa AAAAB3NzaC1yc2EAAAADAQABAAABAQDbM1aX/2mpfqiNxuYU/ZM9RMf51idZaIPQO9eoSBHamfDXcUTsJSjm+eMJw4EblRT/EHutBUortTueR5hzaLwElbaJwtaEbK0zSIy1CNLfD/aeK4Jvbob+eNnSX/nVjP+ugdmPF2fepDsLIKZsG1vHZb/UH75xQHQHXwmJrVVdvMa1IMtE/PLSRRJA1qNFERrvXbq5lVQ1MnvhfbUJJU+eO0xo/4bm+29t9AhWsSjnU01MWwYkznz3ug/KGuvLXo4HUocZCyoqZrwReX80t66LXEQUVRlcvgsnD6IcwG/zN8PtDTjars+mAscDsR31J9f4SzYa1pBwReXWb9+ZW31N rahul\n"
          },
          "metadata_startup_script": "sudo apt-get update; sudo apt-get install -yq build-essential python-pip rsync; pip install flask",
          "min_cpu_platform": null,
          "network_interface": [
            {
              "access_config": [
                {
                  "public_ptr_domain_name": null
                }
              ],
              "alias_ip_range": [],
              "network": "default"
            }
          ],
          "scratch_disk": [],
          "service_account": [],
          "shielded_instance_config": [],
          "tags": null,
          "timeouts": null,
          "zone": "australia-southeast1-a"
        },
        "after_unknown": {
          "attached_disk": [],
          "boot_disk": [
            {
              "device_name": true,
              "disk_encryption_key_sha256": true,
              "initialize_params": [
                {
                  "labels": true,
                  "size": true,
                  "type": true
                }
              ],
              "kms_key_self_link": true,
              "source": true
            }
          ],
          "cpu_platform": true,
          "disk": [],
          "guest_accelerator": true,
          "id": true,
          "instance_id": true,
          "label_fingerprint": true,
          "metadata": {},
          "metadata_fingerprint": true,
          "name": true,
          "network_interface": [
            {
              "access_config": [
                {
                  "assigned_nat_ip": true,
                  "nat_ip": true,
                  "network_tier": true
                }
              ],
              "address": true,
              "alias_ip_range": [],
              "name": true,
              "network_ip": true,
              "subnetwork": true,
              "subnetwork_project": true
            }
          ],
          "project": true,
          "scheduling": true,
          "scratch_disk": [],
          "self_link": true,
          "service_account": [],
          "shielded_instance_config": [],
          "tags_fingerprint": true
        }
      }
    },
    {
      "address": "random_id.instance_id",
      "mode": "managed",
      "type": "random_id",
      "name": "instance_id",
      "provider_name": "random",
      "change": {
        "actions": [
          "create"
        ],
        "before": null,
        "after": {
          "byte_length": 8,
          "keepers": null,
          "prefix": null
        },
        "after_unknown": {
          "b64": true,
          "b64_std": true,
          "b64_url": true,
          "dec": true,
          "hex": true,
          "id": true
        }
      }
    }
  ],
  "output_changes": {
    "ip": {
      "actions": [
        "create"
      ],
      "before": null,
      "after_unknown": true
    }
  },
  "configuration": {
    "provider_config": {
      "google": {
        "name": "google",
        "expressions": {
          "credentials": {},
          "project": {
            "constant_value": "terraform-project-258803"
          },
          "region": {
            "constant_value": "australia-southeast1"
          }
        }
      },
      "tfe": {
        "name": "tfe",
        "version_constraint": "~> 0.6",
        "expressions": {
          "hostname": {
            "references": [
              "var.tfe_hostname"
            ]
          },
          "token": {
            "references": [
              "var.tfe_token"
            ]
          }
        }
      }
    },
    "root_module": {
      "outputs": {
        "ip": {
          "expression": {
            "references": [
              "google_compute_instance.default"
            ]
          }
        }
      },
      "resources": [
        {
          "address": "google_compute_instance.default",
          "mode": "managed",
          "type": "google_compute_instance",
          "name": "default",
          "provider_config_key": "google",
          "expressions": {
            "boot_disk": [
              {
                "initialize_params": [
                  {
                    "image": {
                      "constant_value": "debian-cloud/debian-9"
                    }
                  }
                ]
              }
            ],
            "machine_type": {
              "constant_value": "f1-micro"
            },
            "metadata": {},
            "metadata_startup_script": {
              "constant_value": "sudo apt-get update; sudo apt-get install -yq build-essential python-pip rsync; pip install flask"
            },
            "name": {
              "references": [
                "random_id.instance_id"
              ]
            },
            "network_interface": [
              {
                "access_config": [
                  {}
                ],
                "network": {
                  "constant_value": "default"
                }
              }
            ],
            "zone": {
              "constant_value": "australia-southeast1-a"
            }
          },
          "schema_version": 6
        },
        {
          "address": "random_id.instance_id",
          "mode": "managed",
          "type": "random_id",
          "name": "instance_id",
          "provider_config_key": "random",
          "expressions": {
            "byte_length": {
              "constant_value": 8
            }
          },
          "schema_version": 0
        }
      ],
      "variables": {
        "tfe_hostname": {
          "default": "ptfe-dev.woolworths.com.au",
          "description": "TFE host domain"
        },
        "tfe_organization": {
          "default": "SOI-Platform",
          "description": "Organization to apply changes to"
        },
        "tfe_token": {}
      }
    }
  }
}
